// !$*UTF8*$!
{
	archiveVersion = 1;
	classes = {
	};
	objectVersion = 46;
	objects = {

/* Begin PBXBuildFile section */
		9B1F45791E799074005ED80F /* AppDelegate.swift in Sources */ = {isa = PBXBuildFile; fileRef = 9B1F45781E799074005ED80F /* AppDelegate.swift */; };
		9B1F457B1E799074005ED80F /* ViewController.swift in Sources */ = {isa = PBXBuildFile; fileRef = 9B1F457A1E799074005ED80F /* ViewController.swift */; };
		9B1F457E1E799074005ED80F /* Main.storyboard in Resources */ = {isa = PBXBuildFile; fileRef = 9B1F457C1E799074005ED80F /* Main.storyboard */; };
		9B1F45801E799074005ED80F /* Assets.xcassets in Resources */ = {isa = PBXBuildFile; fileRef = 9B1F457F1E799074005ED80F /* Assets.xcassets */; };
		9B1F45831E799074005ED80F /* LaunchScreen.storyboard in Resources */ = {isa = PBXBuildFile; fileRef = 9B1F45811E799074005ED80F /* LaunchScreen.storyboard */; };
		9B1F458E1E799074005ED80F /* TestAppTests.swift in Sources */ = {isa = PBXBuildFile; fileRef = 9B1F458D1E799074005ED80F /* TestAppTests.swift */; };
		9B1F45991E799074005ED80F /* TestAppUITests.swift in Sources */ = {isa = PBXBuildFile; fileRef = 9B1F45981E799074005ED80F /* TestAppUITests.swift */; };
/* End PBXBuildFile section */

/* Begin PBXContainerItemProxy section */
		9B1F458A1E799074005ED80F /* PBXContainerItemProxy */ = {
			isa = PBXContainerItemProxy;
			containerPortal = 9B1F456D1E799074005ED80F /* Project object */;
			proxyType = 1;
			remoteGlobalIDString = 9B1F45741E799074005ED80F;
			remoteInfo = TestApp;
		};
		9B1F45951E799074005ED80F /* PBXContainerItemProxy */ = {
			isa = PBXContainerItemProxy;
			containerPortal = 9B1F456D1E799074005ED80F /* Project object */;
			proxyType = 1;
			remoteGlobalIDString = 9B1F45741E799074005ED80F;
			remoteInfo = TestApp;
		};
/* End PBXContainerItemProxy section */

/* Begin PBXFileReference section */
		9B1F45751E799074005ED80F /* TestApp.app */ = {isa = PBXFileReference; explicitFileType = wrapper.application; includeInIndex = 0; path = TestApp.app; sourceTree = BUILT_PRODUCTS_DIR; };
		9B1F45781E799074005ED80F /* AppDelegate.swift */ = {isa = PBXFileReference; lastKnownFileType = sourcecode.swift; path = AppDelegate.swift; sourceTree = "<group>"; };
		9B1F457A1E799074005ED80F /* ViewController.swift */ = {isa = PBXFileReference; lastKnownFileType = sourcecode.swift; path = ViewController.swift; sourceTree = "<group>"; };
		9B1F457D1E799074005ED80F /* Base */ = {isa = PBXFileReference; lastKnownFileType = file.storyboard; name = Base; path = Base.lproj/Main.storyboard; sourceTree = "<group>"; };
		9B1F457F1E799074005ED80F /* Assets.xcassets */ = {isa = PBXFileReference; lastKnownFileType = folder.assetcatalog; path = Assets.xcassets; sourceTree = "<group>"; };
		9B1F45821E799074005ED80F /* Base */ = {isa = PBXFileReference; lastKnownFileType = file.storyboard; name = Base; path = Base.lproj/LaunchScreen.storyboard; sourceTree = "<group>"; };
		9B1F45841E799074005ED80F /* Info.plist */ = {isa = PBXFileReference; lastKnownFileType = text.plist.xml; path = Info.plist; sourceTree = "<group>"; };
		9B1F45891E799074005ED80F /* TestAppTests.xctest */ = {isa = PBXFileReference; explicitFileType = wrapper.cfbundle; includeInIndex = 0; path = TestAppTests.xctest; sourceTree = BUILT_PRODUCTS_DIR; };
		9B1F458D1E799074005ED80F /* TestAppTests.swift */ = {isa = PBXFileReference; lastKnownFileType = sourcecode.swift; path = TestAppTests.swift; sourceTree = "<group>"; };
		9B1F458F1E799074005ED80F /* Info.plist */ = {isa = PBXFileReference; lastKnownFileType = text.plist.xml; path = Info.plist; sourceTree = "<group>"; };
		9B1F45941E799074005ED80F /* TestAppUITests.xctest */ = {isa = PBXFileReference; explicitFileType = wrapper.cfbundle; includeInIndex = 0; path = TestAppUITests.xctest; sourceTree = BUILT_PRODUCTS_DIR; };
		9B1F45981E799074005ED80F /* TestAppUITests.swift */ = {isa = PBXFileReference; lastKnownFileType = sourcecode.swift; path = TestAppUITests.swift; sourceTree = "<group>"; };
		9B1F459A1E799074005ED80F /* Info.plist */ = {isa = PBXFileReference; lastKnownFileType = text.plist.xml; path = Info.plist; sourceTree = "<group>"; };
/* End PBXFileReference section */

/* Begin PBXFrameworksBuildPhase section */
		9B1F45721E799074005ED80F /* Frameworks */ = {
			isa = PBXFrameworksBuildPhase;
			buildActionMask = 2147483647;
			files = (
			);
			runOnlyForDeploymentPostprocessing = 0;
		};
		9B1F45861E799074005ED80F /* Frameworks */ = {
			isa = PBXFrameworksBuildPhase;
			buildActionMask = 2147483647;
			files = (
			);
			runOnlyForDeploymentPostprocessing = 0;
		};
		9B1F45911E799074005ED80F /* Frameworks */ = {
			isa = PBXFrameworksBuildPhase;
			buildActionMask = 2147483647;
			files = (
			);
			runOnlyForDeploymentPostprocessing = 0;
		};
/* End PBXFrameworksBuildPhase section */

/* Begin PBXGroup section */
		9B1F456C1E799074005ED80F = {
			isa = PBXGroup;
			children = (
				9B1F45771E799074005ED80F /* TestApp */,
				9B1F458C1E799074005ED80F /* TestAppTests */,
				9B1F45971E799074005ED80F /* TestAppUITests */,
				9B1F45761E799074005ED80F /* Products */,
			);
			sourceTree = "<group>";
		};
		9B1F45761E799074005ED80F /* Products */ = {
			isa = PBXGroup;
			children = (
				9B1F45751E799074005ED80F /* TestApp.app */,
				9B1F45891E799074005ED80F /* TestAppTests.xctest */,
				9B1F45941E799074005ED80F /* TestAppUITests.xctest */,
			);
			name = Products;
			sourceTree = "<group>";
		};
		9B1F45771E799074005ED80F /* TestApp */ = {
			isa = PBXGroup;
			children = (
				9B1F45781E799074005ED80F /* AppDelegate.swift */,
				9B1F457A1E799074005ED80F /* ViewController.swift */,
				9B1F457C1E799074005ED80F /* Main.storyboard */,
				9B1F457F1E799074005ED80F /* Assets.xcassets */,
				9B1F45811E799074005ED80F /* LaunchScreen.storyboard */,
				9B1F45841E799074005ED80F /* Info.plist */,
			);
			path = TestApp;
			sourceTree = "<group>";
		};
		9B1F458C1E799074005ED80F /* TestAppTests */ = {
			isa = PBXGroup;
			children = (
				9B1F458D1E799074005ED80F /* TestAppTests.swift */,
				9B1F458F1E799074005ED80F /* Info.plist */,
			);
			path = TestAppTests;
			sourceTree = "<group>";
		};
		9B1F45971E799074005ED80F /* TestAppUITests */ = {
			isa = PBXGroup;
			children = (
				9B1F45981E799074005ED80F /* TestAppUITests.swift */,
				9B1F459A1E799074005ED80F /* Info.plist */,
			);
			path = TestAppUITests;
			sourceTree = "<group>";
		};
/* End PBXGroup section */

/* Begin PBXNativeTarget section */
		9B1F45741E799074005ED80F /* TestApp */ = {
			isa = PBXNativeTarget;
			buildConfigurationList = 9B1F459D1E799074005ED80F /* Build configuration list for PBXNativeTarget "TestApp" */;
			buildPhases = (
				9B1F45711E799074005ED80F /* Sources */,
				9B1F45721E799074005ED80F /* Frameworks */,
				9B1F45731E799074005ED80F /* Resources */,
			);
			buildRules = (
			);
			dependencies = (
			);
			name = TestApp;
			productName = TestApp;
			productReference = 9B1F45751E799074005ED80F /* TestApp.app */;
			productType = "com.apple.product-type.application";
		};
		9B1F45881E799074005ED80F /* TestAppTests */ = {
			isa = PBXNativeTarget;
			buildConfigurationList = 9B1F45A01E799074005ED80F /* Build configuration list for PBXNativeTarget "TestAppTests" */;
			buildPhases = (
				9B1F45851E799074005ED80F /* Sources */,
				9B1F45861E799074005ED80F /* Frameworks */,
				9B1F45871E799074005ED80F /* Resources */,
			);
			buildRules = (
			);
			dependencies = (
				9B1F458B1E799074005ED80F /* PBXTargetDependency */,
			);
			name = TestAppTests;
			productName = TestAppTests;
			productReference = 9B1F45891E799074005ED80F /* TestAppTests.xctest */;
			productType = "com.apple.product-type.bundle.unit-test";
		};
		9B1F45931E799074005ED80F /* TestAppUITests */ = {
			isa = PBXNativeTarget;
			buildConfigurationList = 9B1F45A31E799074005ED80F /* Build configuration list for PBXNativeTarget "TestAppUITests" */;
			buildPhases = (
				9B1F45901E799074005ED80F /* Sources */,
				9B1F45911E799074005ED80F /* Frameworks */,
				9B1F45921E799074005ED80F /* Resources */,
			);
			buildRules = (
			);
			dependencies = (
				9B1F45961E799074005ED80F /* PBXTargetDependency */,
			);
			name = TestAppUITests;
			productName = TestAppUITests;
			productReference = 9B1F45941E799074005ED80F /* TestAppUITests.xctest */;
			productType = "com.apple.product-type.bundle.ui-testing";
		};
/* End PBXNativeTarget section */

/* Begin PBXProject section */
		9B1F456D1E799074005ED80F /* Project object */ = {
			isa = PBXProject;
			attributes = {
				LastSwiftUpdateCheck = 0820;
				LastUpgradeCheck = 0820;
				ORGANIZATIONNAME = "M Imran";
				TargetAttributes = {
					9B1F45741E799074005ED80F = {
						CreatedOnToolsVersion = 8.2;
						ProvisioningStyle = Automatic;
					};
					9B1F45881E799074005ED80F = {
						CreatedOnToolsVersion = 8.2;
						ProvisioningStyle = Automatic;
						TestTargetID = 9B1F45741E799074005ED80F;
					};
					9B1F45931E799074005ED80F = {
						CreatedOnToolsVersion = 8.2;
						ProvisioningStyle = Automatic;
						TestTargetID = 9B1F45741E799074005ED80F;
					};
				};
			};
			buildConfigurationList = 9B1F45701E799074005ED80F /* Build configuration list for PBXProject "TestApp" */;
			compatibilityVersion = "Xcode 3.2";
			developmentRegion = English;
			hasScannedForEncodings = 0;
			knownRegions = (
				en,
				Base,
			);
			mainGroup = 9B1F456C1E799074005ED80F;
			productRefGroup = 9B1F45761E799074005ED80F /* Products */;
			projectDirPath = "";
			projectRoot = "";
			targets = (
				9B1F45741E799074005ED80F /* TestApp */,
				9B1F45881E799074005ED80F /* TestAppTests */,
				9B1F45931E799074005ED80F /* TestAppUITests */,
			);
		};
/* End PBXProject section */

/* Begin PBXResourcesBuildPhase section */
		9B1F45731E799074005ED80F /* Resources */ = {
			isa = PBXResourcesBuildPhase;
			buildActionMask = 2147483647;
			files = (
				9B1F45831E799074005ED80F /* LaunchScreen.storyboard in Resources */,
				9B1F45801E799074005ED80F /* Assets.xcassets in Resources */,
				9B1F457E1E799074005ED80F /* Main.storyboard in Resources */,
			);
			runOnlyForDeploymentPostprocessing = 0;
		};
		9B1F45871E799074005ED80F /* Resources */ = {
			isa = PBXResourcesBuildPhase;
			buildActionMask = 2147483647;
			files = (
			);
			runOnlyForDeploymentPostprocessing = 0;
		};
		9B1F45921E799074005ED80F /* Resources */ = {
			isa = PBXResourcesBuildPhase;
			buildActionMask = 2147483647;
			files = (
			);
			runOnlyForDeploymentPostprocessing = 0;
		};
/* End PBXResourcesBuildPhase section */

/* Begin PBXSourcesBuildPhase section */
		9B1F45711E799074005ED80F /* Sources */ = {
			isa = PBXSourcesBuildPhase;
			buildActionMask = 2147483647;
			files = (
				9B1F457B1E799074005ED80F /* ViewController.swift in Sources */,
				9B1F45791E799074005ED80F /* AppDelegate.swift in Sources */,
			);
			runOnlyForDeploymentPostprocessing = 0;
		};
		9B1F45851E799074005ED80F /* Sources */ = {
			isa = PBXSourcesBuildPhase;
			buildActionMask = 2147483647;
			files = (
				9B1F458E1E799074005ED80F /* TestAppTests.swift in Sources */,
			);
			runOnlyForDeploymentPostprocessing = 0;
		};
		9B1F45901E799074005ED80F /* Sources */ = {
			isa = PBXSourcesBuildPhase;
			buildActionMask = 2147483647;
			files = (
				9B1F45991E799074005ED80F /* TestAppUITests.swift in Sources */,
			);
			runOnlyForDeploymentPostprocessing = 0;
		};
/* End PBXSourcesBuildPhase section */

/* Begin PBXTargetDependency section */
		9B1F458B1E799074005ED80F /* PBXTargetDependency */ = {
			isa = PBXTargetDependency;
			target = 9B1F45741E799074005ED80F /* TestApp */;
			targetProxy = 9B1F458A1E799074005ED80F /* PBXContainerItemProxy */;
		};
		9B1F45961E799074005ED80F /* PBXTargetDependency */ = {
			isa = PBXTargetDependency;
			target = 9B1F45741E799074005ED80F /* TestApp */;
			targetProxy = 9B1F45951E799074005ED80F /* PBXContainerItemProxy */;
		};
/* End PBXTargetDependency section */

/* Begin PBXVariantGroup section */
		9B1F457C1E799074005ED80F /* Main.storyboard */ = {
			isa = PBXVariantGroup;
			children = (
				9B1F457D1E799074005ED80F /* Base */,
			);
			name = Main.storyboard;
			sourceTree = "<group>";
		};
		9B1F45811E799074005ED80F /* LaunchScreen.storyboard */ = {
			isa = PBXVariantGroup;
			children = (
				9B1F45821E799074005ED80F /* Base */,
			);
			name = LaunchScreen.storyboard;
			sourceTree = "<group>";
		};
/* End PBXVariantGroup section */

/* Begin XCBuildConfiguration section */
		9B1F459B1E799074005ED80F /* Debug */ = {
			isa = XCBuildConfiguration;
			buildSettings = {
				ALWAYS_SEARCH_USER_PATHS = NO;
				CLANG_ANALYZER_NONNULL = YES;
				CLANG_CXX_LANGUAGE_STANDARD = "gnu++0x";
				CLANG_CXX_LIBRARY = "libc++";
				CLANG_ENABLE_MODULES = YES;
				CLANG_ENABLE_OBJC_ARC = YES;
				CLANG_WARN_BOOL_CONVERSION = YES;
				CLANG_WARN_CONSTANT_CONVERSION = YES;
				CLANG_WARN_DIRECT_OBJC_ISA_USAGE = YES_ERROR;
				CLANG_WARN_DOCUMENTATION_COMMENTS = YES;
				CLANG_WARN_EMPTY_BODY = YES;
				CLANG_WARN_ENUM_CONVERSION = YES;
				CLANG_WARN_INFINITE_RECURSION = YES;
				CLANG_WARN_INT_CONVERSION = YES;
				CLANG_WARN_OBJC_ROOT_CLASS = YES_ERROR;
				CLANG_WARN_SUSPICIOUS_MOVE = YES;
				CLANG_WARN_UNREACHABLE_CODE = YES;
				CLANG_WARN__DUPLICATE_METHOD_MATCH = YES;
				"CODE_SIGN_IDENTITY[sdk=iphoneos*]" = "iPhone Developer";
				COPY_PHASE_STRIP = NO;
				DEBUG_INFORMATION_FORMAT = dwarf;
				ENABLE_STRICT_OBJC_MSGSEND = YES;
				ENABLE_TESTABILITY = YES;
				GCC_C_LANGUAGE_STANDARD = gnu99;
				GCC_DYNAMIC_NO_PIC = NO;
				GCC_NO_COMMON_BLOCKS = YES;
				GCC_OPTIMIZATION_LEVEL = 0;
				GCC_PREPROCESSOR_DEFINITIONS = (
					"DEBUG=1",
					"$(inherited)",
				);
				GCC_WARN_64_TO_32_BIT_CONVERSION = YES;
				GCC_WARN_ABOUT_RETURN_TYPE = YES_ERROR;
				GCC_WARN_UNDECLARED_SELECTOR = YES;
				GCC_WARN_UNINITIALIZED_AUTOS = YES_AGGRESSIVE;
				GCC_WARN_UNUSED_FUNCTION = YES;
				GCC_WARN_UNUSED_VARIABLE = YES;
				IPHONEOS_DEPLOYMENT_TARGET = 10.2;
				MTL_ENABLE_DEBUG_INFO = YES;
				ONLY_ACTIVE_ARCH = YES;
				SDKROOT = iphoneos;
				SWIFT_ACTIVE_COMPILATION_CONDITIONS = DEBUG;
				SWIFT_OPTIMIZATION_LEVEL = "-Onone";
				TARGETED_DEVICE_FAMILY = "1,2";
			};
			name = Debug;
		};
		9B1F459C1E799074005ED80F /* Release */ = {
			isa = XCBuildConfiguration;
			buildSettings = {
				ALWAYS_SEARCH_USER_PATHS = NO;
				CLANG_ANALYZER_NONNULL = YES;
				CLANG_CXX_LANGUAGE_STANDARD = "gnu++0x";
				CLANG_CXX_LIBRARY = "libc++";
				CLANG_ENABLE_MODULES = YES;
				CLANG_ENABLE_OBJC_ARC = YES;
				CLANG_WARN_BOOL_CONVERSION = YES;
				CLANG_WARN_CONSTANT_CONVERSION = YES;
				CLANG_WARN_DIRECT_OBJC_ISA_USAGE = YES_ERROR;
				CLANG_WARN_DOCUMENTATION_COMMENTS = YES;
				CLANG_WARN_EMPTY_BODY = YES;
				CLANG_WARN_ENUM_CONVERSION = YES;
				CLANG_WARN_INFINITE_RECURSION = YES;
				CLANG_WARN_INT_CONVERSION = YES;
				CLANG_WARN_OBJC_ROOT_CLASS = YES_ERROR;
				CLANG_WARN_SUSPICIOUS_MOVE = YES;
				CLANG_WARN_UNREACHABLE_CODE = YES;
				CLANG_WARN__DUPLICATE_METHOD_MATCH = YES;
				"CODE_SIGN_IDENTITY[sdk=iphoneos*]" = "iPhone Developer";
				COPY_PHASE_STRIP = NO;
				DEBUG_INFORMATION_FORMAT = "dwarf-with-dsym";
				ENABLE_NS_ASSERTIONS = NO;
				ENABLE_STRICT_OBJC_MSGSEND = YES;
				GCC_C_LANGUAGE_STANDARD = gnu99;
				GCC_NO_COMMON_BLOCKS = YES;
				GCC_WARN_64_TO_32_BIT_CONVERSION = YES;
				GCC_WARN_ABOUT_RETURN_TYPE = YES_ERROR;
				GCC_WARN_UNDECLARED_SELECTOR = YES;
				GCC_WARN_UNINITIALIZED_AUTOS = YES_AGGRESSIVE;
				GCC_WARN_UNUSED_FUNCTION = YES;
				GCC_WARN_UNUSED_VARIABLE = YES;
				IPHONEOS_DEPLOYMENT_TARGET = 10.2;
				MTL_ENABLE_DEBUG_INFO = NO;
				SDKROOT = iphoneos;
				SWIFT_OPTIMIZATION_LEVEL = "-Owholemodule";
				TARGETED_DEVICE_FAMILY = "1,2";
				VALIDATE_PRODUCT = YES;
			};
			name = Release;
		};
		9B1F459E1E799074005ED80F /* Debug */ = {
			isa = XCBuildConfiguration;
			buildSettings = {
				ASSETCATALOG_COMPILER_APPICON_NAME = AppIcon;
				INFOPLIST_FILE = TestApp/Info.plist;
				LD_RUNPATH_SEARCH_PATHS = "$(inherited) @executable_path/Frameworks";
				PRODUCT_BUNDLE_IDENTIFIER = Careem.TestApp;
				PRODUCT_NAME = "$(TARGET_NAME)";
				SWIFT_VERSION = 3.0;
			};
			name = Debug;
		};
		9B1F459F1E799074005ED80F /* Release */ = {
			isa = XCBuildConfiguration;
			buildSettings = {
				ASSETCATALOG_COMPILER_APPICON_NAME = AppIcon;
				INFOPLIST_FILE = TestApp/Info.plist;
				LD_RUNPATH_SEARCH_PATHS = "$(inherited) @executable_path/Frameworks";
				PRODUCT_BUNDLE_IDENTIFIER = Careem.TestApp;
				PRODUCT_NAME = "$(TARGET_NAME)";
				SWIFT_VERSION = 3.0;
			};
			name = Release;
		};
		9B1F45A11E799074005ED80F /* Debug */ = {
			isa = XCBuildConfiguration;
			buildSettings = {
				ALWAYS_EMBED_SWIFT_STANDARD_LIBRARIES = YES;
				BUNDLE_LOADER = "$(TEST_HOST)";
				INFOPLIST_FILE = TestAppTests/Info.plist;
				LD_RUNPATH_SEARCH_PATHS = "$(inherited) @executable_path/Frameworks @loader_path/Frameworks";
				PRODUCT_BUNDLE_IDENTIFIER = Careem.TestAppTests;
				PRODUCT_NAME = "$(TARGET_NAME)";
				SWIFT_VERSION = 3.0;
				TEST_HOST = "$(BUILT_PRODUCTS_DIR)/TestApp.app/TestApp";
			};
			name = Debug;
		};
		9B1F45A21E799074005ED80F /* Release */ = {
			isa = XCBuildConfiguration;
			buildSettings = {
				ALWAYS_EMBED_SWIFT_STANDARD_LIBRARIES = YES;
				BUNDLE_LOADER = "$(TEST_HOST)";
				INFOPLIST_FILE = TestAppTests/Info.plist;
				LD_RUNPATH_SEARCH_PATHS = "$(inherited) @executable_path/Frameworks @loader_path/Frameworks";
				PRODUCT_BUNDLE_IDENTIFIER = Careem.TestAppTests;
				PRODUCT_NAME = "$(TARGET_NAME)";
				SWIFT_VERSION = 3.0;
				TEST_HOST = "$(BUILT_PRODUCTS_DIR)/TestApp.app/TestApp";
			};
			name = Release;
		};
		9B1F45A41E799074005ED80F /* Debug */ = {
			isa = XCBuildConfiguration;
			buildSettings = {
				ALWAYS_EMBED_SWIFT_STANDARD_LIBRARIES = YES;
				INFOPLIST_FILE = TestAppUITests/Info.plist;
				LD_RUNPATH_SEARCH_PATHS = "$(inherited) @executable_path/Frameworks @loader_path/Frameworks";
				PRODUCT_BUNDLE_IDENTIFIER = Careem.TestAppUITests;
				PRODUCT_NAME = "$(TARGET_NAME)";
				SWIFT_VERSION = 3.0;
				TEST_TARGET_NAME = TestApp;
			};
			name = Debug;
		};
		9B1F45A51E799074005ED80F /* Release */ = {
			isa = XCBuildConfiguration;
			buildSettings = {
				ALWAYS_EMBED_SWIFT_STANDARD_LIBRARIES = YES;
				INFOPLIST_FILE = TestAppUITests/Info.plist;
				LD_RUNPATH_SEARCH_PATHS = "$(inherited) @executable_path/Frameworks @loader_path/Frameworks";
				PRODUCT_BUNDLE_IDENTIFIER = Careem.TestAppUITests;
				PRODUCT_NAME = "$(TARGET_NAME)";
				SWIFT_VERSION = 3.0;
				TEST_TARGET_NAME = TestApp;
			};
			name = Release;
		};
/* End XCBuildConfiguration section */

/* Begin XCConfigurationList section */
		9B1F45701E799074005ED80F /* Build configuration list for PBXProject "TestApp" */ = {
			isa = XCConfigurationList;
			buildConfigurations = (
				9B1F459B1E799074005ED80F /* Debug */,
				9B1F459C1E799074005ED80F /* Release */,
			);
			defaultConfigurationIsVisible = 0;
			defaultConfigurationName = Release;
		};
		9B1F459D1E799074005ED80F /* Build configuration list for PBXNativeTarget "TestApp" */ = {
			isa = XCConfigurationList;
			buildConfigurations = (
				9B1F459E1E799074005ED80F /* Debug */,
				9B1F459F1E799074005ED80F /* Release */,
			);
			defaultConfigurationIsVisible = 0;
		};
		9B1F45A01E799074005ED80F /* Build configuration list for PBXNativeTarget "TestAppTests" */ = {
			isa = XCConfigurationList;
			buildConfigurations = (
				9B1F45A11E799074005ED80F /* Debug */,
				9B1F45A21E799074005ED80F /* Release */,
			);
			defaultConfigurationIsVisible = 0;
		};
		9B1F45A31E799074005ED80F /* Build configuration list for PBXNativeTarget "TestAppUITests" */ = {
			isa = XCConfigurationList;
			buildConfigurations = (
				9B1F45A41E799074005ED80F /* Debug */,
				9B1F45A51E799074005ED80F /* Release */,
			);
			defaultConfigurationIsVisible = 0;
		};
/* End XCConfigurationList section */
	};
	rootObject = 9B1F456D1E799074005ED80F /* Project object */;
}
